
Microsoft Visual Studio Solution File, Format Version 12.00
# Visual Studio Version 17
VisualStudioVersion = 17.7.34221.43
MinimumVisualStudioVersion = 10.0.40219.1
Project("{2150E333-8FDC-42A3-9474-1A3956D46DE8}") = "Src", "Src", "{B5B52FDC-EDF4-4C99-8FAB-278E30FD4D7A}"
EndProject
Project("{2150E333-8FDC-42A3-9474-1A3956D46DE8}") = "ApiGateways", "ApiGateways", "{407786AE-8920-438B-8B7E-CDE0AE814C6B}"
EndProject
Project("{2150E333-8FDC-42A3-9474-1A3956D46DE8}") = "Clients", "Clients", "{5B4714B9-F4D6-499C-A1D0-70676C3C310C}"
EndProject
Project("{2150E333-8FDC-42A3-9474-1A3956D46DE8}") = "Services", "Services", "{01D8F61F-A2F9-40E8-B4CA-F6B635C9DCA4}"
EndProject
Project("{2150E333-8FDC-42A3-9474-1A3956D46DE8}") = "TicketService", "TicketService", "{DAEFC85C-3A17-4558-9267-D3C5B0327D3E}"
EndProject
Project("{2150E333-8FDC-42A3-9474-1A3956D46DE8}") = "IdentityService", "IdentityService", "{6433DF32-165A-4FFF-9F91-05AC934F516A}"
EndProject
Project("{2150E333-8FDC-42A3-9474-1A3956D46DE8}") = "PaymentService", "PaymentService", "{77286EBB-6AA5-4C38-B369-BB694291D38A}"
EndProject
Project("{2150E333-8FDC-42A3-9474-1A3956D46DE8}") = "Web", "Web", "{C1929331-6200-4921-992C-C5419BB07105}"
EndProject
Project("{2150E333-8FDC-42A3-9474-1A3956D46DE8}") = "Web", "Web", "{A4588E81-9AA3-48A6-8DF8-366759872C04}"
EndProject
Project("{9A19103F-16F7-4668-BE54-9A1E7A4F7556}") = "Web.ApiGateway", "Src\ApiGateways\Web\Web.ApiGateway\Web.ApiGateway.csproj", "{E9267976-A96A-49F7-BA69-55B615AEFC44}"
EndProject
Project("{9A19103F-16F7-4668-BE54-9A1E7A4F7556}") = "Web.API", "Src\Clients\Web\Web.API\Web.API.csproj", "{AC09DD9A-6C23-451C-914E-1DE2465E6EE4}"
EndProject
Project("{9A19103F-16F7-4668-BE54-9A1E7A4F7556}") = "TicketService.API", "Src\Services\TicketService\TicketService.API\TicketService.API.csproj", "{908110D9-4F57-48D9-893A-035299FDDAC3}"
EndProject
Project("{9A19103F-16F7-4668-BE54-9A1E7A4F7556}") = "PaymentService.API", "Src\Services\PaymentService\PaymentService.API\PaymentService.API.csproj", "{0341F38F-784C-4A3E-AD35-52C438A48452}"
EndProject
Project("{9A19103F-16F7-4668-BE54-9A1E7A4F7556}") = "IdentityService.API", "Src\Services\IdentityService\IdentityService.API\IdentityService.API.csproj", "{C2AB97CB-36C7-4334-B4CF-B95372C04EF8}"
EndProject
Project("{2150E333-8FDC-42A3-9474-1A3956D46DE8}") = "ProjectInfo", "ProjectInfo", "{F65FE830-D98E-4040-A0EE-9C1A033F0F4E}"
EndProject
Project("{9A19103F-16F7-4668-BE54-9A1E7A4F7556}") = "Info", "ProjectInfo\Info\Info.csproj", "{F4B54EE3-5913-4094-9A66-7144FF493175}"
EndProject
Project("{9A19103F-16F7-4668-BE54-9A1E7A4F7556}") = "TicketService.Application", "Src\Services\TicketService\TicketService.Application\TicketService.Application.csproj", "{011A67CB-B4A7-4BA5-83AC-51BE924C47B2}"
EndProject
Project("{9A19103F-16F7-4668-BE54-9A1E7A4F7556}") = "TicketService.Core", "Src\Services\TicketService\TicketService.Core\TicketService.Core.csproj", "{A983A49E-B1EA-48B2-B897-572C800380A7}"
EndProject
Project("{9A19103F-16F7-4668-BE54-9A1E7A4F7556}") = "PaymentService.Application", "Src\Services\PaymentService\PaymentService.Application\PaymentService.Application.csproj", "{9755F9F1-9D7D-4DBE-968A-08B97F58FDC6}"
EndProject
Project("{9A19103F-16F7-4668-BE54-9A1E7A4F7556}") = "PaymentService.DAL", "Src\Services\PaymentService\PaymentService.DAL\PaymentService.DAL.csproj", "{DC7D733C-8105-4DE8-A20E-D7675F0F1F93}"
EndProject
Project("{9A19103F-16F7-4668-BE54-9A1E7A4F7556}") = "PaymentService.Core", "Src\Services\PaymentService\PaymentService.Core\PaymentService.Core.csproj", "{B0A4E07E-C445-4AD7-ADA7-79C4D59A2737}"
EndProject
Project("{9A19103F-16F7-4668-BE54-9A1E7A4F7556}") = "IdentityService.Application", "Src\Services\IdentityService\IdentityService.Application\IdentityService.Application.csproj", "{5A441053-F6B9-4725-B913-C59206497060}"
EndProject
Project("{9A19103F-16F7-4668-BE54-9A1E7A4F7556}") = "IdentityService.DAL", "Src\Services\IdentityService\IdentityService.DAL\IdentityService.DAL.csproj", "{E4472F6A-E2DB-4F14-B7F1-2646B8E10FB6}"
EndProject
Project("{9A19103F-16F7-4668-BE54-9A1E7A4F7556}") = "IdentityService.Core", "Src\Services\IdentityService\IdentityService.Core\IdentityService.Core.csproj", "{E01B4B8E-567F-4D76-B3F5-5D57DD8674FF}"
EndProject
Project("{FAE04EC0-301F-11D3-BF4B-00C04F79EFBC}") = "TicketService.DAL", "Src\Services\TicketService\TicketService.DAL\TicketService.DAL.csproj", "{3357CE06-CAA1-4E63-BF42-D053B3E5A38C}"
EndProject
Project("{2150E333-8FDC-42A3-9474-1A3956D46DE8}") = "MessageContracts", "MessageContracts", "{D9F90CED-0E17-4591-A807-5D33CF2034FC}"
EndProject
Project("{FAE04EC0-301F-11D3-BF4B-00C04F79EFBC}") = "Contarcts", "Src\MessageContracts\Contarcts\Contarcts.csproj", "{4AF1C96D-C81F-480B-BCD8-09B049B9B87B}"
EndProject
Global
	GlobalSection(SolutionConfigurationPlatforms) = preSolution
		Debug|Any CPU = Debug|Any CPU
		Release|Any CPU = Release|Any CPU
	EndGlobalSection
	GlobalSection(ProjectConfigurationPlatforms) = postSolution
		{E9267976-A96A-49F7-BA69-55B615AEFC44}.Debug|Any CPU.ActiveCfg = Debug|Any CPU
		{E9267976-A96A-49F7-BA69-55B615AEFC44}.Debug|Any CPU.Build.0 = Debug|Any CPU
		{E9267976-A96A-49F7-BA69-55B615AEFC44}.Release|Any CPU.ActiveCfg = Release|Any CPU
		{E9267976-A96A-49F7-BA69-55B615AEFC44}.Release|Any CPU.Build.0 = Release|Any CPU
		{AC09DD9A-6C23-451C-914E-1DE2465E6EE4}.Debug|Any CPU.ActiveCfg = Debug|Any CPU
		{AC09DD9A-6C23-451C-914E-1DE2465E6EE4}.Debug|Any CPU.Build.0 = Debug|Any CPU
		{AC09DD9A-6C23-451C-914E-1DE2465E6EE4}.Release|Any CPU.ActiveCfg = Release|Any CPU
		{AC09DD9A-6C23-451C-914E-1DE2465E6EE4}.Release|Any CPU.Build.0 = Release|Any CPU
		{908110D9-4F57-48D9-893A-035299FDDAC3}.Debug|Any CPU.ActiveCfg = Debug|Any CPU
		{908110D9-4F57-48D9-893A-035299FDDAC3}.Debug|Any CPU.Build.0 = Debug|Any CPU
		{908110D9-4F57-48D9-893A-035299FDDAC3}.Release|Any CPU.ActiveCfg = Release|Any CPU
		{908110D9-4F57-48D9-893A-035299FDDAC3}.Release|Any CPU.Build.0 = Release|Any CPU
		{0341F38F-784C-4A3E-AD35-52C438A48452}.Debug|Any CPU.ActiveCfg = Debug|Any CPU
		{0341F38F-784C-4A3E-AD35-52C438A48452}.Debug|Any CPU.Build.0 = Debug|Any CPU
		{0341F38F-784C-4A3E-AD35-52C438A48452}.Release|Any CPU.ActiveCfg = Release|Any CPU
		{0341F38F-784C-4A3E-AD35-52C438A48452}.Release|Any CPU.Build.0 = Release|Any CPU
		{C2AB97CB-36C7-4334-B4CF-B95372C04EF8}.Debug|Any CPU.ActiveCfg = Debug|Any CPU
		{C2AB97CB-36C7-4334-B4CF-B95372C04EF8}.Debug|Any CPU.Build.0 = Debug|Any CPU
		{C2AB97CB-36C7-4334-B4CF-B95372C04EF8}.Release|Any CPU.ActiveCfg = Release|Any CPU
		{C2AB97CB-36C7-4334-B4CF-B95372C04EF8}.Release|Any CPU.Build.0 = Release|Any CPU
		{F4B54EE3-5913-4094-9A66-7144FF493175}.Debug|Any CPU.ActiveCfg = Debug|Any CPU
		{F4B54EE3-5913-4094-9A66-7144FF493175}.Debug|Any CPU.Build.0 = Debug|Any CPU
		{F4B54EE3-5913-4094-9A66-7144FF493175}.Release|Any CPU.ActiveCfg = Release|Any CPU
		{F4B54EE3-5913-4094-9A66-7144FF493175}.Release|Any CPU.Build.0 = Release|Any CPU
		{011A67CB-B4A7-4BA5-83AC-51BE924C47B2}.Debug|Any CPU.ActiveCfg = Debug|Any CPU
		{011A67CB-B4A7-4BA5-83AC-51BE924C47B2}.Debug|Any CPU.Build.0 = Debug|Any CPU
		{011A67CB-B4A7-4BA5-83AC-51BE924C47B2}.Release|Any CPU.ActiveCfg = Release|Any CPU
		{011A67CB-B4A7-4BA5-83AC-51BE924C47B2}.Release|Any CPU.Build.0 = Release|Any CPU
		{A983A49E-B1EA-48B2-B897-572C800380A7}.Debug|Any CPU.ActiveCfg = Debug|Any CPU
		{A983A49E-B1EA-48B2-B897-572C800380A7}.Debug|Any CPU.Build.0 = Debug|Any CPU
		{A983A49E-B1EA-48B2-B897-572C800380A7}.Release|Any CPU.ActiveCfg = Release|Any CPU
		{A983A49E-B1EA-48B2-B897-572C800380A7}.Release|Any CPU.Build.0 = Release|Any CPU
		{9755F9F1-9D7D-4DBE-968A-08B97F58FDC6}.Debug|Any CPU.ActiveCfg = Debug|Any CPU
		{9755F9F1-9D7D-4DBE-968A-08B97F58FDC6}.Debug|Any CPU.Build.0 = Debug|Any CPU
		{9755F9F1-9D7D-4DBE-968A-08B97F58FDC6}.Release|Any CPU.ActiveCfg = Release|Any CPU
		{9755F9F1-9D7D-4DBE-968A-08B97F58FDC6}.Release|Any CPU.Build.0 = Release|Any CPU
		{DC7D733C-8105-4DE8-A20E-D7675F0F1F93}.Debug|Any CPU.ActiveCfg = Debug|Any CPU
		{DC7D733C-8105-4DE8-A20E-D7675F0F1F93}.Debug|Any CPU.Build.0 = Debug|Any CPU
		{DC7D733C-8105-4DE8-A20E-D7675F0F1F93}.Release|Any CPU.ActiveCfg = Release|Any CPU
		{DC7D733C-8105-4DE8-A20E-D7675F0F1F93}.Release|Any CPU.Build.0 = Release|Any CPU
		{B0A4E07E-C445-4AD7-ADA7-79C4D59A2737}.Debug|Any CPU.ActiveCfg = Debug|Any CPU
		{B0A4E07E-C445-4AD7-ADA7-79C4D59A2737}.Debug|Any CPU.Build.0 = Debug|Any CPU
		{B0A4E07E-C445-4AD7-ADA7-79C4D59A2737}.Release|Any CPU.ActiveCfg = Release|Any CPU
		{B0A4E07E-C445-4AD7-ADA7-79C4D59A2737}.Release|Any CPU.Build.0 = Release|Any CPU
		{5A441053-F6B9-4725-B913-C59206497060}.Debug|Any CPU.ActiveCfg = Debug|Any CPU
		{5A441053-F6B9-4725-B913-C59206497060}.Debug|Any CPU.Build.0 = Debug|Any CPU
		{5A441053-F6B9-4725-B913-C59206497060}.Release|Any CPU.ActiveCfg = Release|Any CPU
		{5A441053-F6B9-4725-B913-C59206497060}.Release|Any CPU.Build.0 = Release|Any CPU
		{E4472F6A-E2DB-4F14-B7F1-2646B8E10FB6}.Debug|Any CPU.ActiveCfg = Debug|Any CPU
		{E4472F6A-E2DB-4F14-B7F1-2646B8E10FB6}.Debug|Any CPU.Build.0 = Debug|Any CPU
		{E4472F6A-E2DB-4F14-B7F1-2646B8E10FB6}.Release|Any CPU.ActiveCfg = Release|Any CPU
		{E4472F6A-E2DB-4F14-B7F1-2646B8E10FB6}.Release|Any CPU.Build.0 = Release|Any CPU
		{E01B4B8E-567F-4D76-B3F5-5D57DD8674FF}.Debug|Any CPU.ActiveCfg = Debug|Any CPU
		{E01B4B8E-567F-4D76-B3F5-5D57DD8674FF}.Debug|Any CPU.Build.0 = Debug|Any CPU
		{E01B4B8E-567F-4D76-B3F5-5D57DD8674FF}.Release|Any CPU.ActiveCfg = Release|Any CPU
		{E01B4B8E-567F-4D76-B3F5-5D57DD8674FF}.Release|Any CPU.Build.0 = Release|Any CPU
		{3357CE06-CAA1-4E63-BF42-D053B3E5A38C}.Debug|Any CPU.ActiveCfg = Debug|Any CPU
		{3357CE06-CAA1-4E63-BF42-D053B3E5A38C}.Debug|Any CPU.Build.0 = Debug|Any CPU
		{3357CE06-CAA1-4E63-BF42-D053B3E5A38C}.Release|Any CPU.ActiveCfg = Release|Any CPU
		{3357CE06-CAA1-4E63-BF42-D053B3E5A38C}.Release|Any CPU.Build.0 = Release|Any CPU
		{4AF1C96D-C81F-480B-BCD8-09B049B9B87B}.Debug|Any CPU.ActiveCfg = Debug|Any CPU
		{4AF1C96D-C81F-480B-BCD8-09B049B9B87B}.Debug|Any CPU.Build.0 = Debug|Any CPU
		{4AF1C96D-C81F-480B-BCD8-09B049B9B87B}.Release|Any CPU.ActiveCfg = Release|Any CPU
		{4AF1C96D-C81F-480B-BCD8-09B049B9B87B}.Release|Any CPU.Build.0 = Release|Any CPU
	EndGlobalSection
	GlobalSection(SolutionProperties) = preSolution
		HideSolutionNode = FALSE
	EndGlobalSection
	GlobalSection(NestedProjects) = preSolution
		{407786AE-8920-438B-8B7E-CDE0AE814C6B} = {B5B52FDC-EDF4-4C99-8FAB-278E30FD4D7A}
		{5B4714B9-F4D6-499C-A1D0-70676C3C310C} = {B5B52FDC-EDF4-4C99-8FAB-278E30FD4D7A}
		{01D8F61F-A2F9-40E8-B4CA-F6B635C9DCA4} = {B5B52FDC-EDF4-4C99-8FAB-278E30FD4D7A}
		{DAEFC85C-3A17-4558-9267-D3C5B0327D3E} = {01D8F61F-A2F9-40E8-B4CA-F6B635C9DCA4}
		{6433DF32-165A-4FFF-9F91-05AC934F516A} = {01D8F61F-A2F9-40E8-B4CA-F6B635C9DCA4}
		{77286EBB-6AA5-4C38-B369-BB694291D38A} = {01D8F61F-A2F9-40E8-B4CA-F6B635C9DCA4}
		{C1929331-6200-4921-992C-C5419BB07105} = {5B4714B9-F4D6-499C-A1D0-70676C3C310C}
		{A4588E81-9AA3-48A6-8DF8-366759872C04} = {407786AE-8920-438B-8B7E-CDE0AE814C6B}
		{E9267976-A96A-49F7-BA69-55B615AEFC44} = {A4588E81-9AA3-48A6-8DF8-366759872C04}
		{AC09DD9A-6C23-451C-914E-1DE2465E6EE4} = {C1929331-6200-4921-992C-C5419BB07105}
		{908110D9-4F57-48D9-893A-035299FDDAC3} = {DAEFC85C-3A17-4558-9267-D3C5B0327D3E}
		{0341F38F-784C-4A3E-AD35-52C438A48452} = {77286EBB-6AA5-4C38-B369-BB694291D38A}
		{C2AB97CB-36C7-4334-B4CF-B95372C04EF8} = {6433DF32-165A-4FFF-9F91-05AC934F516A}
		{F4B54EE3-5913-4094-9A66-7144FF493175} = {F65FE830-D98E-4040-A0EE-9C1A033F0F4E}
		{011A67CB-B4A7-4BA5-83AC-51BE924C47B2} = {DAEFC85C-3A17-4558-9267-D3C5B0327D3E}
		{A983A49E-B1EA-48B2-B897-572C800380A7} = {DAEFC85C-3A17-4558-9267-D3C5B0327D3E}
		{9755F9F1-9D7D-4DBE-968A-08B97F58FDC6} = {77286EBB-6AA5-4C38-B369-BB694291D38A}
		{DC7D733C-8105-4DE8-A20E-D7675F0F1F93} = {77286EBB-6AA5-4C38-B369-BB694291D38A}
		{B0A4E07E-C445-4AD7-ADA7-79C4D59A2737} = {77286EBB-6AA5-4C38-B369-BB694291D38A}
		{5A441053-F6B9-4725-B913-C59206497060} = {6433DF32-165A-4FFF-9F91-05AC934F516A}
		{E4472F6A-E2DB-4F14-B7F1-2646B8E10FB6} = {6433DF32-165A-4FFF-9F91-05AC934F516A}
		{E01B4B8E-567F-4D76-B3F5-5D57DD8674FF} = {6433DF32-165A-4FFF-9F91-05AC934F516A}
		{3357CE06-CAA1-4E63-BF42-D053B3E5A38C} = {DAEFC85C-3A17-4558-9267-D3C5B0327D3E}
		{D9F90CED-0E17-4591-A807-5D33CF2034FC} = {B5B52FDC-EDF4-4C99-8FAB-278E30FD4D7A}
		{4AF1C96D-C81F-480B-BCD8-09B049B9B87B} = {D9F90CED-0E17-4591-A807-5D33CF2034FC}
	EndGlobalSection
	GlobalSection(ExtensibilityGlobals) = postSolution
		SolutionGuid = {617BC123-047C-4D84-A83A-9EF8426F63E4}
	EndGlobalSection
EndGlobal
